
Microsoft Visual Studio Solution File, Format Version 12.00
# Visual Studio Version 17
VisualStudioVersion = 17.5.33516.290
MinimumVisualStudioVersion = 10.0.40219.1
Project("{FAE04EC0-301F-11D3-BF4B-00C04F79EFBC}") = "proyectoHelpers", "proyectoHelpers\proyectoHelpers.csproj", "{56C4F4DA-0DD4-4746-B053-45D340B6DEDC}"
EndProject
Global
	GlobalSection(SolutionConfigurationPlatforms) = preSolution
		Debug|Any CPU = Debug|Any CPU
		Release|Any CPU = Release|Any CPU
	EndGlobalSection
	GlobalSection(ProjectConfigurationPlatforms) = postSolution
		{56C4F4DA-0DD4-4746-B053-45D340B6DEDC}.Debug|Any CPU.ActiveCfg = Debug|Any CPU
		{56C4F4DA-0DD4-4746-B053-45D340B6DEDC}.Debug|Any CPU.Build.0 = Debug|Any CPU
		{56C4F4DA-0DD4-4746-B053-45D340B6DEDC}.Release|Any CPU.ActiveCfg = Release|Any CPU
		{56C4F4DA-0DD4-4746-B053-45D340B6DEDC}.Release|Any CPU.Build.0 = Release|Any CPU
	EndGlobalSection
	GlobalSection(SolutionProperties) = preSolution
		HideSolutionNode = FALSE
	EndGlobalSection
	GlobalSection(ExtensibilityGlobals) = postSolution
		SolutionGuid = {16061DEB-415D-4992-926C-3B08465C4299}
	EndGlobalSection
EndGlobal
